{
  "name": "Bjornos",
  "lockfileVersion": 3,
  "requires": true,
  "packages": {
    "": {
      "devDependencies": {
        "@astrojs/ts-plugin": "^1.10.5"
      }
    },
    "node_modules/@astrojs/compiler": {
      "version": "2.13.0",
      "resolved": "https://registry.npmjs.org/@astrojs/compiler/-/compiler-2.13.0.tgz",
      "integrity": "sha512-mqVORhUJViA28fwHYaWmsXSzLO9osbdZ5ImUfxBarqsYdMlPbqAqGJCxsNzvppp1BEzc1mJNjOVvQqeDN8Vspw==",
      "dev": true,
      "license": "MIT"
    },
    "node_modules/@astrojs/ts-plugin": {
      "version": "1.10.5",
      "resolved": "https://registry.npmjs.org/@astrojs/ts-plugin/-/ts-plugin-1.10.5.tgz",
      "integrity": "sha512-JK6SA8yaurIiJcJq5jqoXr2LgxV49mEiTPqJ5Fw2d3MsvegFdVinZPaqRXQqdxuv5cELgBMC5tq4h+nhgwRunQ==",
      "dev": true,
      "license": "MIT",
      "dependencies": {
        "@astrojs/compiler": "^2.10.3",
        "@astrojs/yaml2ts": "^0.2.2",
        "@jridgewell/sourcemap-codec": "^1.4.15",
        "@volar/language-core": "~2.4.23",
        "@volar/typescript": "~2.4.23",
        "semver": "^7.3.8",
        "vscode-languageserver-textdocument": "^1.0.11"
      }
    },
    "node_modules/@astrojs/yaml2ts": {
      "version": "0.2.2",
      "resolved": "https://registry.npmjs.org/@astrojs/yaml2ts/-/yaml2ts-0.2.2.tgz",
      "integrity": "sha512-GOfvSr5Nqy2z5XiwqTouBBpy5FyI6DEe+/g/Mk5am9SjILN1S5fOEvYK0GuWHg98yS/dobP4m8qyqw/URW35fQ==",
      "dev": true,
      "license": "MIT",
      "dependencies": {
        "yaml": "^2.5.0"
      }
    },
    "node_modules/@jridgewell/sourcemap-codec": {
      "version": "1.5.5",
      "resolved": "https://registry.npmjs.org/@jridgewell/sourcemap-codec/-/sourcemap-codec-1.5.5.tgz",
      "integrity": "sha512-cYQ9310grqxueWbl+WuIUIaiUaDcj7WOq5fVhEljNVgRfOUhY9fy2zTvfoqWsnebh8Sl70VScFbICvJnLKB0Og==",
      "dev": true,
      "license": "MIT"
    },
    "node_modules/@volar/language-core": {
      "version": "2.4.23",
      "resolved": "https://registry.npmjs.org/@volar/language-core/-/language-core-2.4.23.tgz",
      "integrity": "sha512-hEEd5ET/oSmBC6pi1j6NaNYRWoAiDhINbT8rmwtINugR39loROSlufGdYMF9TaKGfz+ViGs1Idi3mAhnuPcoGQ==",
      "dev": true,
      "license": "MIT",
      "dependencies": {
        "@volar/source-map": "2.4.23"
      }
    },
    "node_modules/@volar/source-map": {
      "version": "2.4.23",
      "resolved": "https://registry.npmjs.org/@volar/source-map/-/source-map-2.4.23.tgz",
      "integrity": "sha512-Z1Uc8IB57Lm6k7q6KIDu/p+JWtf3xsXJqAX/5r18hYOTpJyBn0KXUR8oTJ4WFYOcDzWC9n3IflGgHowx6U6z9Q==",
      "dev": true,
      "license": "MIT"
    },
    "node_modules/@volar/typescript": {
      "version": "2.4.23",
      "resolved": "https://registry.npmjs.org/@volar/typescript/-/typescript-2.4.23.tgz",
      "integrity": "sha512-lAB5zJghWxVPqfcStmAP1ZqQacMpe90UrP5RJ3arDyrhy4aCUQqmxPPLB2PWDKugvylmO41ljK7vZ+t6INMTag==",
      "dev": true,
      "license": "MIT",
      "dependencies": {
        "@volar/language-core": "2.4.23",
        "path-browserify": "^1.0.1",
        "vscode-uri": "^3.0.8"
      }
    },
    "node_modules/path-browserify": {
      "version": "1.0.1",
      "resolved": "https://registry.npmjs.org/path-browserify/-/path-browserify-1.0.1.tgz",
      "integrity": "sha512-b7uo2UCUOYZcnF/3ID0lulOJi/bafxa1xPe7ZPsammBSpjSWQkjNxlt635YGS2MiR9GjvuXCtz2emr3jbsz98g==",
      "dev": true,
      "license": "MIT"
    },
    "node_modules/semver": {
      "version": "7.7.3",
      "resolved": "https://registry.npmjs.org/semver/-/semver-7.7.3.tgz",
      "integrity": "sha512-SdsKMrI9TdgjdweUSR9MweHA4EJ8YxHn8DFaDisvhVlUOe4BF1tLD7GAj0lIqWVl+dPb/rExr0Btby5loQm20Q==",
      "dev": true,
      "license": "ISC",
      "bin": {
        "semver": "bin/semver.js"
      },
      "engines": {
        "node": ">=10"
      }
    },
    "node_modules/vscode-languageserver-textdocument": {
      "version": "1.0.12",
      "resolved": "https://registry.npmjs.org/vscode-languageserver-textdocument/-/vscode-languageserver-textdocument-1.0.12.tgz",
      "integrity": "sha512-cxWNPesCnQCcMPeenjKKsOCKQZ/L6Tv19DTRIGuLWe32lyzWhihGVJ/rcckZXJxfdKCFvRLS3fpBIsV/ZGX4zA==",
      "dev": true,
      "license": "MIT"
    },
    "node_modules/vscode-uri": {
      "version": "3.1.0",
      "resolved": "https://registry.npmjs.org/vscode-uri/-/vscode-uri-3.1.0.tgz",
      "integrity": "sha512-/BpdSx+yCQGnCvecbyXdxHDkuk55/G3xwnC0GqY4gmQ3j+A+g8kzzgB4Nk/SINjqn6+waqw3EgbVF2QKExkRxQ==",
      "dev": true,
      "license": "MIT"
    },
    "node_modules/yaml": {
      "version": "2.8.1",
      "resolved": "https://registry.npmjs.org/yaml/-/yaml-2.8.1.tgz",
      "integrity": "sha512-lcYcMxX2PO9XMGvAJkJ3OsNMw+/7FKes7/hgerGUYWIoWu5j/+YQqcZr5JnPZWzOsEBgMbSbiSTn/dv/69Mkpw==",
      "dev": true,
      "license": "ISC",
      "bin": {
        "yaml": "bin.mjs"
      },
      "engines": {
        "node": ">= 14.6"
      }
    }
  }
}
